{
  "lockfileVersion": 1,
  "workspaces": {
    "": {
      "name": "dev-memory-os-starter",
      "devDependencies": {
        "husky": "^8.0.3",
      },
    },
  },
  "packages": {
    "husky": ["husky@8.0.3", "", { "bin": { "husky": "lib/bin.js" } }, "sha512-+dQSyqPh4x1hlO1swXBiNb2HzTDN1I2IGLQx1GrBuiqFJfoMrnZWwVmatvSiO+Iz8fBUnf+lekwNo4c2LlXItg=="],
  }
}
